// !$*UTF8*$!
{
	archiveVersion = 1;
	classes = {
	};
	objectVersion = 51;
	objects = {

/* Begin PBXBuildFile section */
		211B8F371CE2B9A26A3D21B0 /* Pods_IOSMessengerTests.framework in Frameworks */ = {isa = PBXBuildFile; fileRef = 8836DFDE62E38B604050D94A /* Pods_IOSMessengerTests.framework */; };
		5DE69657A34B7F16038479C1 /* Pods_IOSMessenger_IOSMessengerUITests.framework in Frameworks */ = {isa = PBXBuildFile; fileRef = AD168AFF2D7CC0E7AB1C1BB9 /* Pods_IOSMessenger_IOSMessengerUITests.framework */; };
		85496511251C662900695385 /* Extensions.swift in Sources */ = {isa = PBXBuildFile; fileRef = 85496510251C662900695385 /* Extensions.swift */; };
		858D39CA251E2F2300DD1362 /* DatabaseManager.swift in Sources */ = {isa = PBXBuildFile; fileRef = 858D39C9251E2F2300DD1362 /* DatabaseManager.swift */; };
		85919C30251D86C500BFBE6F /* GoogleService-Info.plist in Resources */ = {isa = PBXBuildFile; fileRef = 85919C2F251D86C500BFBE6F /* GoogleService-Info.plist */; };
		85D0C2B9251C5DC100D41905 /* AppDelegate.swift in Sources */ = {isa = PBXBuildFile; fileRef = 85D0C2B8251C5DC100D41905 /* AppDelegate.swift */; };
		85D0C2BB251C5DC100D41905 /* SceneDelegate.swift in Sources */ = {isa = PBXBuildFile; fileRef = 85D0C2BA251C5DC100D41905 /* SceneDelegate.swift */; };
		85D0C2BD251C5DC100D41905 /* ConversationViewController.swift in Sources */ = {isa = PBXBuildFile; fileRef = 85D0C2BC251C5DC100D41905 /* ConversationViewController.swift */; };
		85D0C2C2251C5DC500D41905 /* Assets.xcassets in Resources */ = {isa = PBXBuildFile; fileRef = 85D0C2C1251C5DC500D41905 /* Assets.xcassets */; };
		85D0C2D0251C5DC500D41905 /* IOSMessengerTests.swift in Sources */ = {isa = PBXBuildFile; fileRef = 85D0C2CF251C5DC500D41905 /* IOSMessengerTests.swift */; };
		85D0C2DB251C5DC500D41905 /* IOSMessengerUITests.swift in Sources */ = {isa = PBXBuildFile; fileRef = 85D0C2DA251C5DC500D41905 /* IOSMessengerUITests.swift */; };
		85D0C2EF251C5F9E00D41905 /* LoginViewController.swift in Sources */ = {isa = PBXBuildFile; fileRef = 85D0C2EE251C5F9E00D41905 /* LoginViewController.swift */; };
		85D0C2F1251C5FAB00D41905 /* RegisterViewController.swift in Sources */ = {isa = PBXBuildFile; fileRef = 85D0C2F0251C5FAB00D41905 /* RegisterViewController.swift */; };
		85D0C2F3251C5FCA00D41905 /* PhotoViewerViewController.swift in Sources */ = {isa = PBXBuildFile; fileRef = 85D0C2F2251C5FCA00D41905 /* PhotoViewerViewController.swift */; };
		85D0C2F5251C5FD500D41905 /* VideoPlayerViewController.swift in Sources */ = {isa = PBXBuildFile; fileRef = 85D0C2F4251C5FD500D41905 /* VideoPlayerViewController.swift */; };
		85D0C2F7251C5FF400D41905 /* NewConversationViewController.swift in Sources */ = {isa = PBXBuildFile; fileRef = 85D0C2F6251C5FF400D41905 /* NewConversationViewController.swift */; };
		85D0C2F9251C600D00D41905 /* ProfileViewController.swift in Sources */ = {isa = PBXBuildFile; fileRef = 85D0C2F8251C600D00D41905 /* ProfileViewController.swift */; };
		FA26FEC89ECF03989E6EF8AF /* Pods_IOSMessenger.framework in Frameworks */ = {isa = PBXBuildFile; fileRef = 49FB019034CA21D01F8202A8 /* Pods_IOSMessenger.framework */; };
/* End PBXBuildFile section */

/* Begin PBXContainerItemProxy section */
		85D0C2CC251C5DC500D41905 /* PBXContainerItemProxy */ = {
			isa = PBXContainerItemProxy;
			containerPortal = 85D0C2AD251C5DC000D41905 /* Project object */;
			proxyType = 1;
			remoteGlobalIDString = 85D0C2B4251C5DC000D41905;
			remoteInfo = IOSMessenger;
		};
		85D0C2D7251C5DC500D41905 /* PBXContainerItemProxy */ = {
			isa = PBXContainerItemProxy;
			containerPortal = 85D0C2AD251C5DC000D41905 /* Project object */;
			proxyType = 1;
			remoteGlobalIDString = 85D0C2B4251C5DC000D41905;
			remoteInfo = IOSMessenger;
		};
/* End PBXContainerItemProxy section */

/* Begin PBXFileReference section */
		19822CB5630443F86AD4BBE0 /* Pods-IOSMessenger.release.xcconfig */ = {isa = PBXFileReference; includeInIndex = 1; lastKnownFileType = text.xcconfig; name = "Pods-IOSMessenger.release.xcconfig"; path = "Target Support Files/Pods-IOSMessenger/Pods-IOSMessenger.release.xcconfig"; sourceTree = "<group>"; };
		49FB019034CA21D01F8202A8 /* Pods_IOSMessenger.framework */ = {isa = PBXFileReference; explicitFileType = wrapper.framework; includeInIndex = 0; path = Pods_IOSMessenger.framework; sourceTree = BUILT_PRODUCTS_DIR; };
		5CFD87BF861F7FBA9C5AED53 /* Pods-IOSMessenger-IOSMessengerUITests.debug.xcconfig */ = {isa = PBXFileReference; includeInIndex = 1; lastKnownFileType = text.xcconfig; name = "Pods-IOSMessenger-IOSMessengerUITests.debug.xcconfig"; path = "Target Support Files/Pods-IOSMessenger-IOSMessengerUITests/Pods-IOSMessenger-IOSMessengerUITests.debug.xcconfig"; sourceTree = "<group>"; };
		5D6100EEE90D1CFB13AA64A4 /* Pods-IOSMessengerTests.debug.xcconfig */ = {isa = PBXFileReference; includeInIndex = 1; lastKnownFileType = text.xcconfig; name = "Pods-IOSMessengerTests.debug.xcconfig"; path = "Target Support Files/Pods-IOSMessengerTests/Pods-IOSMessengerTests.debug.xcconfig"; sourceTree = "<group>"; };
		85496510251C662900695385 /* Extensions.swift */ = {isa = PBXFileReference; lastKnownFileType = sourcecode.swift; path = Extensions.swift; sourceTree = "<group>"; };
		858D39C9251E2F2300DD1362 /* DatabaseManager.swift */ = {isa = PBXFileReference; lastKnownFileType = sourcecode.swift; path = DatabaseManager.swift; sourceTree = "<group>"; };
		85919C2F251D86C500BFBE6F /* GoogleService-Info.plist */ = {isa = PBXFileReference; fileEncoding = 4; lastKnownFileType = text.plist.xml; path = "GoogleService-Info.plist"; sourceTree = "<group>"; };
		85D0C2B5251C5DC100D41905 /* IOSMessenger.app */ = {isa = PBXFileReference; explicitFileType = wrapper.application; includeInIndex = 0; path = IOSMessenger.app; sourceTree = BUILT_PRODUCTS_DIR; };
		85D0C2B8251C5DC100D41905 /* AppDelegate.swift */ = {isa = PBXFileReference; lastKnownFileType = sourcecode.swift; path = AppDelegate.swift; sourceTree = "<group>"; };
		85D0C2BA251C5DC100D41905 /* SceneDelegate.swift */ = {isa = PBXFileReference; lastKnownFileType = sourcecode.swift; path = SceneDelegate.swift; sourceTree = "<group>"; };
		85D0C2BC251C5DC100D41905 /* ConversationViewController.swift */ = {isa = PBXFileReference; lastKnownFileType = sourcecode.swift; path = ConversationViewController.swift; sourceTree = "<group>"; };
		85D0C2C1251C5DC500D41905 /* Assets.xcassets */ = {isa = PBXFileReference; lastKnownFileType = folder.assetcatalog; path = Assets.xcassets; sourceTree = "<group>"; };
		85D0C2C6251C5DC500D41905 /* Info.plist */ = {isa = PBXFileReference; lastKnownFileType = text.plist.xml; path = Info.plist; sourceTree = "<group>"; };
		85D0C2CB251C5DC500D41905 /* IOSMessengerTests.xctest */ = {isa = PBXFileReference; explicitFileType = wrapper.cfbundle; includeInIndex = 0; path = IOSMessengerTests.xctest; sourceTree = BUILT_PRODUCTS_DIR; };
		85D0C2CF251C5DC500D41905 /* IOSMessengerTests.swift */ = {isa = PBXFileReference; lastKnownFileType = sourcecode.swift; path = IOSMessengerTests.swift; sourceTree = "<group>"; };
		85D0C2D1251C5DC500D41905 /* Info.plist */ = {isa = PBXFileReference; lastKnownFileType = text.plist.xml; path = Info.plist; sourceTree = "<group>"; };
		85D0C2D6251C5DC500D41905 /* IOSMessengerUITests.xctest */ = {isa = PBXFileReference; explicitFileType = wrapper.cfbundle; includeInIndex = 0; path = IOSMessengerUITests.xctest; sourceTree = BUILT_PRODUCTS_DIR; };
		85D0C2DA251C5DC500D41905 /* IOSMessengerUITests.swift */ = {isa = PBXFileReference; lastKnownFileType = sourcecode.swift; path = IOSMessengerUITests.swift; sourceTree = "<group>"; };
		85D0C2DC251C5DC500D41905 /* Info.plist */ = {isa = PBXFileReference; lastKnownFileType = text.plist.xml; path = Info.plist; sourceTree = "<group>"; };
		85D0C2EE251C5F9E00D41905 /* LoginViewController.swift */ = {isa = PBXFileReference; lastKnownFileType = sourcecode.swift; path = LoginViewController.swift; sourceTree = "<group>"; };
		85D0C2F0251C5FAB00D41905 /* RegisterViewController.swift */ = {isa = PBXFileReference; lastKnownFileType = sourcecode.swift; path = RegisterViewController.swift; sourceTree = "<group>"; };
		85D0C2F2251C5FCA00D41905 /* PhotoViewerViewController.swift */ = {isa = PBXFileReference; lastKnownFileType = sourcecode.swift; path = PhotoViewerViewController.swift; sourceTree = "<group>"; };
		85D0C2F4251C5FD500D41905 /* VideoPlayerViewController.swift */ = {isa = PBXFileReference; lastKnownFileType = sourcecode.swift; path = VideoPlayerViewController.swift; sourceTree = "<group>"; };
		85D0C2F6251C5FF400D41905 /* NewConversationViewController.swift */ = {isa = PBXFileReference; lastKnownFileType = sourcecode.swift; path = NewConversationViewController.swift; sourceTree = "<group>"; };
		85D0C2F8251C600D00D41905 /* ProfileViewController.swift */ = {isa = PBXFileReference; lastKnownFileType = sourcecode.swift; path = ProfileViewController.swift; sourceTree = "<group>"; };
		8836DFDE62E38B604050D94A /* Pods_IOSMessengerTests.framework */ = {isa = PBXFileReference; explicitFileType = wrapper.framework; includeInIndex = 0; path = Pods_IOSMessengerTests.framework; sourceTree = BUILT_PRODUCTS_DIR; };
		AD168AFF2D7CC0E7AB1C1BB9 /* Pods_IOSMessenger_IOSMessengerUITests.framework */ = {isa = PBXFileReference; explicitFileType = wrapper.framework; includeInIndex = 0; path = Pods_IOSMessenger_IOSMessengerUITests.framework; sourceTree = BUILT_PRODUCTS_DIR; };
		C277F78E9959FCC7F1E50A28 /* Pods-IOSMessenger-IOSMessengerUITests.release.xcconfig */ = {isa = PBXFileReference; includeInIndex = 1; lastKnownFileType = text.xcconfig; name = "Pods-IOSMessenger-IOSMessengerUITests.release.xcconfig"; path = "Target Support Files/Pods-IOSMessenger-IOSMessengerUITests/Pods-IOSMessenger-IOSMessengerUITests.release.xcconfig"; sourceTree = "<group>"; };
		DF7FF38CAF1DBB1C59283D40 /* Pods-IOSMessengerTests.release.xcconfig */ = {isa = PBXFileReference; includeInIndex = 1; lastKnownFileType = text.xcconfig; name = "Pods-IOSMessengerTests.release.xcconfig"; path = "Target Support Files/Pods-IOSMessengerTests/Pods-IOSMessengerTests.release.xcconfig"; sourceTree = "<group>"; };
		E1713CB17279EDF3BF420B11 /* Pods-IOSMessenger.debug.xcconfig */ = {isa = PBXFileReference; includeInIndex = 1; lastKnownFileType = text.xcconfig; name = "Pods-IOSMessenger.debug.xcconfig"; path = "Target Support Files/Pods-IOSMessenger/Pods-IOSMessenger.debug.xcconfig"; sourceTree = "<group>"; };
/* End PBXFileReference section */

/* Begin PBXFrameworksBuildPhase section */
		85D0C2B2251C5DC000D41905 /* Frameworks */ = {
			isa = PBXFrameworksBuildPhase;
			buildActionMask = 2147483647;
			files = (
				FA26FEC89ECF03989E6EF8AF /* Pods_IOSMessenger.framework in Frameworks */,
			);
			runOnlyForDeploymentPostprocessing = 0;
		};
		85D0C2C8251C5DC500D41905 /* Frameworks */ = {
			isa = PBXFrameworksBuildPhase;
			buildActionMask = 2147483647;
			files = (
				211B8F371CE2B9A26A3D21B0 /* Pods_IOSMessengerTests.framework in Frameworks */,
			);
			runOnlyForDeploymentPostprocessing = 0;
		};
		85D0C2D3251C5DC500D41905 /* Frameworks */ = {
			isa = PBXFrameworksBuildPhase;
			buildActionMask = 2147483647;
			files = (
				5DE69657A34B7F16038479C1 /* Pods_IOSMessenger_IOSMessengerUITests.framework in Frameworks */,
			);
			runOnlyForDeploymentPostprocessing = 0;
		};
/* End PBXFrameworksBuildPhase section */

/* Begin PBXGroup section */
		024E522976DEFD0F30A7A436 /* Pods */ = {
			isa = PBXGroup;
			children = (
				E1713CB17279EDF3BF420B11 /* Pods-IOSMessenger.debug.xcconfig */,
				19822CB5630443F86AD4BBE0 /* Pods-IOSMessenger.release.xcconfig */,
				5CFD87BF861F7FBA9C5AED53 /* Pods-IOSMessenger-IOSMessengerUITests.debug.xcconfig */,
				C277F78E9959FCC7F1E50A28 /* Pods-IOSMessenger-IOSMessengerUITests.release.xcconfig */,
				5D6100EEE90D1CFB13AA64A4 /* Pods-IOSMessengerTests.debug.xcconfig */,
				DF7FF38CAF1DBB1C59283D40 /* Pods-IOSMessengerTests.release.xcconfig */,
			);
			path = Pods;
			sourceTree = "<group>";
		};
		287B04DC3F2B1F44AD8F3027 /* Frameworks */ = {
			isa = PBXGroup;
			children = (
				49FB019034CA21D01F8202A8 /* Pods_IOSMessenger.framework */,
				AD168AFF2D7CC0E7AB1C1BB9 /* Pods_IOSMessenger_IOSMessengerUITests.framework */,
				8836DFDE62E38B604050D94A /* Pods_IOSMessengerTests.framework */,
			);
			name = Frameworks;
			sourceTree = "<group>";
		};
		85D0C2AC251C5DC000D41905 = {
			isa = PBXGroup;
			children = (
				85D0C2B7251C5DC100D41905 /* IOSMessenger */,
				85D0C2CE251C5DC500D41905 /* IOSMessengerTests */,
				85D0C2D9251C5DC500D41905 /* IOSMessengerUITests */,
				85D0C2B6251C5DC100D41905 /* Products */,
				024E522976DEFD0F30A7A436 /* Pods */,
				287B04DC3F2B1F44AD8F3027 /* Frameworks */,
			);
			sourceTree = "<group>";
		};
		85D0C2B6251C5DC100D41905 /* Products */ = {
			isa = PBXGroup;
			children = (
				85D0C2B5251C5DC100D41905 /* IOSMessenger.app */,
				85D0C2CB251C5DC500D41905 /* IOSMessengerTests.xctest */,
				85D0C2D6251C5DC500D41905 /* IOSMessengerUITests.xctest */,
			);
			name = Products;
			sourceTree = "<group>";
		};
		85D0C2B7251C5DC100D41905 /* IOSMessenger */ = {
			isa = PBXGroup;
			children = (
				85919C2F251D86C500BFBE6F /* GoogleService-Info.plist */,
				85D0C2EC251C5E9B00D41905 /* Resources */,
				85D0C2EB251C5E9600D41905 /* ViewModels */,
				85D0C2EA251C5E9000D41905 /* Models */,
				85D0C2E9251C5E8B00D41905 /* Views */,
				85D0C2E8251C5E8300D41905 /* Controllers */,
				85D0C2C6251C5DC500D41905 /* Info.plist */,
			);
			path = IOSMessenger;
			sourceTree = "<group>";
		};
		85D0C2CE251C5DC500D41905 /* IOSMessengerTests */ = {
			isa = PBXGroup;
			children = (
				85D0C2CF251C5DC500D41905 /* IOSMessengerTests.swift */,
				85D0C2D1251C5DC500D41905 /* Info.plist */,
			);
			path = IOSMessengerTests;
			sourceTree = "<group>";
		};
		85D0C2D9251C5DC500D41905 /* IOSMessengerUITests */ = {
			isa = PBXGroup;
			children = (
				85D0C2DA251C5DC500D41905 /* IOSMessengerUITests.swift */,
				85D0C2DC251C5DC500D41905 /* Info.plist */,
			);
			path = IOSMessengerUITests;
			sourceTree = "<group>";
		};
		85D0C2E8251C5E8300D41905 /* Controllers */ = {
			isa = PBXGroup;
			children = (
				85D0C2BC251C5DC100D41905 /* ConversationViewController.swift */,
				85D0C2FA251C610400D41905 /* Login */,
				85D0C2F2251C5FCA00D41905 /* PhotoViewerViewController.swift */,
				85D0C2F4251C5FD500D41905 /* VideoPlayerViewController.swift */,
				85D0C2F6251C5FF400D41905 /* NewConversationViewController.swift */,
				85D0C2F8251C600D00D41905 /* ProfileViewController.swift */,
			);
			path = Controllers;
			sourceTree = "<group>";
		};
		85D0C2E9251C5E8B00D41905 /* Views */ = {
			isa = PBXGroup;
			children = (
				85D0C2C1251C5DC500D41905 /* Assets.xcassets */,
			);
			path = Views;
			sourceTree = "<group>";
		};
		85D0C2EA251C5E9000D41905 /* Models */ = {
			isa = PBXGroup;
			children = (
			);
			path = Models;
			sourceTree = "<group>";
		};
		85D0C2EB251C5E9600D41905 /* ViewModels */ = {
			isa = PBXGroup;
			children = (
			);
			path = ViewModels;
			sourceTree = "<group>";
		};
		85D0C2EC251C5E9B00D41905 /* Resources */ = {
			isa = PBXGroup;
			children = (
				85D0C2B8251C5DC100D41905 /* AppDelegate.swift */,
				85D0C2BA251C5DC100D41905 /* SceneDelegate.swift */,
				85496510251C662900695385 /* Extensions.swift */,
				858D39C9251E2F2300DD1362 /* DatabaseManager.swift */,
			);
			path = Resources;
			sourceTree = "<group>";
		};
		85D0C2FA251C610400D41905 /* Login */ = {
			isa = PBXGroup;
			children = (
				85D0C2EE251C5F9E00D41905 /* LoginViewController.swift */,
				85D0C2F0251C5FAB00D41905 /* RegisterViewController.swift */,
			);
			path = Login;
			sourceTree = "<group>";
		};
/* End PBXGroup section */

/* Begin PBXNativeTarget section */
		85D0C2B4251C5DC000D41905 /* IOSMessenger */ = {
			isa = PBXNativeTarget;
			buildConfigurationList = 85D0C2DF251C5DC500D41905 /* Build configuration list for PBXNativeTarget "IOSMessenger" */;
			buildPhases = (
				9F2B864364D5EE87C86E7219 /* [CP] Check Pods Manifest.lock */,
				85D0C2B1251C5DC000D41905 /* Sources */,
				85D0C2B2251C5DC000D41905 /* Frameworks */,
				85D0C2B3251C5DC000D41905 /* Resources */,
				38D4A6A032CF38B5626C4DAE /* [CP] Embed Pods Frameworks */,
			);
			buildRules = (
			);
			dependencies = (
			);
			name = IOSMessenger;
			productName = IOSMessenger;
			productReference = 85D0C2B5251C5DC100D41905 /* IOSMessenger.app */;
			productType = "com.apple.product-type.application";
		};
		85D0C2CA251C5DC500D41905 /* IOSMessengerTests */ = {
			isa = PBXNativeTarget;
			buildConfigurationList = 85D0C2E2251C5DC500D41905 /* Build configuration list for PBXNativeTarget "IOSMessengerTests" */;
			buildPhases = (
				79555A67E09A00B7A89463C4 /* [CP] Check Pods Manifest.lock */,
				85D0C2C7251C5DC500D41905 /* Sources */,
				85D0C2C8251C5DC500D41905 /* Frameworks */,
				85D0C2C9251C5DC500D41905 /* Resources */,
			);
			buildRules = (
			);
			dependencies = (
				85D0C2CD251C5DC500D41905 /* PBXTargetDependency */,
			);
			name = IOSMessengerTests;
			productName = IOSMessengerTests;
			productReference = 85D0C2CB251C5DC500D41905 /* IOSMessengerTests.xctest */;
			productType = "com.apple.product-type.bundle.unit-test";
		};
		85D0C2D5251C5DC500D41905 /* IOSMessengerUITests */ = {
			isa = PBXNativeTarget;
			buildConfigurationList = 85D0C2E5251C5DC500D41905 /* Build configuration list for PBXNativeTarget "IOSMessengerUITests" */;
			buildPhases = (
				8D222D6C36FDB94567B879B1 /* [CP] Check Pods Manifest.lock */,
				85D0C2D2251C5DC500D41905 /* Sources */,
				85D0C2D3251C5DC500D41905 /* Frameworks */,
				85D0C2D4251C5DC500D41905 /* Resources */,
				D7D0BA5B5CC8BE01263107D9 /* [CP] Embed Pods Frameworks */,
			);
			buildRules = (
			);
			dependencies = (
				85D0C2D8251C5DC500D41905 /* PBXTargetDependency */,
			);
			name = IOSMessengerUITests;
			productName = IOSMessengerUITests;
			productReference = 85D0C2D6251C5DC500D41905 /* IOSMessengerUITests.xctest */;
			productType = "com.apple.product-type.bundle.ui-testing";
		};
/* End PBXNativeTarget section */

/* Begin PBXProject section */
		85D0C2AD251C5DC000D41905 /* Project object */ = {
			isa = PBXProject;
			attributes = {
				LastSwiftUpdateCheck = 1170;
				LastUpgradeCheck = 1170;
				ORGANIZATIONNAME = "Faraz Muhammad Aulia";
				TargetAttributes = {
					85D0C2B4251C5DC000D41905 = {
						CreatedOnToolsVersion = 11.7;
					};
					85D0C2CA251C5DC500D41905 = {
						CreatedOnToolsVersion = 11.7;
						TestTargetID = 85D0C2B4251C5DC000D41905;
					};
					85D0C2D5251C5DC500D41905 = {
						CreatedOnToolsVersion = 11.7;
						TestTargetID = 85D0C2B4251C5DC000D41905;
					};
				};
			};
			buildConfigurationList = 85D0C2B0251C5DC000D41905 /* Build configuration list for PBXProject "IOSMessenger" */;
			compatibilityVersion = "Xcode 9.3";
			developmentRegion = en;
			hasScannedForEncodings = 0;
			knownRegions = (
				en,
				Base,
			);
			mainGroup = 85D0C2AC251C5DC000D41905;
			productRefGroup = 85D0C2B6251C5DC100D41905 /* Products */;
			projectDirPath = "";
			projectRoot = "";
			targets = (
				85D0C2B4251C5DC000D41905 /* IOSMessenger */,
				85D0C2CA251C5DC500D41905 /* IOSMessengerTests */,
				85D0C2D5251C5DC500D41905 /* IOSMessengerUITests */,
			);
		};
/* End PBXProject section */

/* Begin PBXResourcesBuildPhase section */
		85D0C2B3251C5DC000D41905 /* Resources */ = {
			isa = PBXResourcesBuildPhase;
			buildActionMask = 2147483647;
			files = (
				85919C30251D86C500BFBE6F /* GoogleService-Info.plist in Resources */,
				85D0C2C2251C5DC500D41905 /* Assets.xcassets in Resources */,
			);
			runOnlyForDeploymentPostprocessing = 0;
		};
		85D0C2C9251C5DC500D41905 /* Resources */ = {
			isa = PBXResourcesBuildPhase;
			buildActionMask = 2147483647;
			files = (
			);
			runOnlyForDeploymentPostprocessing = 0;
		};
		85D0C2D4251C5DC500D41905 /* Resources */ = {
			isa = PBXResourcesBuildPhase;
			buildActionMask = 2147483647;
			files = (
			);
			runOnlyForDeploymentPostprocessing = 0;
		};
/* End PBXResourcesBuildPhase section */

/* Begin PBXShellScriptBuildPhase section */
		38D4A6A032CF38B5626C4DAE /* [CP] Embed Pods Frameworks */ = {
			isa = PBXShellScriptBuildPhase;
			buildActionMask = 2147483647;
			files = (
			);
			inputFileListPaths = (
				"${PODS_ROOT}/Target Support Files/Pods-IOSMessenger/Pods-IOSMessenger-frameworks-${CONFIGURATION}-input-files.xcfilelist",
			);
			name = "[CP] Embed Pods Frameworks";
			outputFileListPaths = (
				"${PODS_ROOT}/Target Support Files/Pods-IOSMessenger/Pods-IOSMessenger-frameworks-${CONFIGURATION}-output-files.xcfilelist",
			);
			runOnlyForDeploymentPostprocessing = 0;
			shellPath = /bin/sh;
			shellScript = "\"${PODS_ROOT}/Target Support Files/Pods-IOSMessenger/Pods-IOSMessenger-frameworks.sh\"\n";
			showEnvVarsInLog = 0;
		};
		79555A67E09A00B7A89463C4 /* [CP] Check Pods Manifest.lock */ = {
			isa = PBXShellScriptBuildPhase;
			buildActionMask = 2147483647;
			files = (
			);
			inputFileListPaths = (
			);
			inputPaths = (
				"${PODS_PODFILE_DIR_PATH}/Podfile.lock",
				"${PODS_ROOT}/Manifest.lock",
			);
			name = "[CP] Check Pods Manifest.lock";
			outputFileListPaths = (
			);
			outputPaths = (
				"$(DERIVED_FILE_DIR)/Pods-IOSMessengerTests-checkManifestLockResult.txt",
			);
			runOnlyForDeploymentPostprocessing = 0;
			shellPath = /bin/sh;
			shellScript = "diff \"${PODS_PODFILE_DIR_PATH}/Podfile.lock\" \"${PODS_ROOT}/Manifest.lock\" > /dev/null\nif [ $? != 0 ] ; then\n    # print error to STDERR\n    echo \"error: The sandbox is not in sync with the Podfile.lock. Run 'pod install' or update your CocoaPods installation.\" >&2\n    exit 1\nfi\n# This output is used by Xcode 'outputs' to avoid re-running this script phase.\necho \"SUCCESS\" > \"${SCRIPT_OUTPUT_FILE_0}\"\n";
			showEnvVarsInLog = 0;
		};
		8D222D6C36FDB94567B879B1 /* [CP] Check Pods Manifest.lock */ = {
			isa = PBXShellScriptBuildPhase;
			buildActionMask = 2147483647;
			files = (
			);
			inputFileListPaths = (
			);
			inputPaths = (
				"${PODS_PODFILE_DIR_PATH}/Podfile.lock",
				"${PODS_ROOT}/Manifest.lock",
			);
			name = "[CP] Check Pods Manifest.lock";
			outputFileListPaths = (
			);
			outputPaths = (
				"$(DERIVED_FILE_DIR)/Pods-IOSMessenger-IOSMessengerUITests-checkManifestLockResult.txt",
			);
			runOnlyForDeploymentPostprocessing = 0;
			shellPath = /bin/sh;
			shellScript = "diff \"${PODS_PODFILE_DIR_PATH}/Podfile.lock\" \"${PODS_ROOT}/Manifest.lock\" > /dev/null\nif [ $? != 0 ] ; then\n    # print error to STDERR\n    echo \"error: The sandbox is not in sync with the Podfile.lock. Run 'pod install' or update your CocoaPods installation.\" >&2\n    exit 1\nfi\n# This output is used by Xcode 'outputs' to avoid re-running this script phase.\necho \"SUCCESS\" > \"${SCRIPT_OUTPUT_FILE_0}\"\n";
			showEnvVarsInLog = 0;
		};
		9F2B864364D5EE87C86E7219 /* [CP] Check Pods Manifest.lock */ = {
			isa = PBXShellScriptBuildPhase;
			buildActionMask = 2147483647;
			files = (
			);
			inputFileListPaths = (
			);
			inputPaths = (
				"${PODS_PODFILE_DIR_PATH}/Podfile.lock",
				"${PODS_ROOT}/Manifest.lock",
			);
			name = "[CP] Check Pods Manifest.lock";
			outputFileListPaths = (
			);
			outputPaths = (
				"$(DERIVED_FILE_DIR)/Pods-IOSMessenger-checkManifestLockResult.txt",
			);
			runOnlyForDeploymentPostprocessing = 0;
			shellPath = /bin/sh;
			shellScript = "diff \"${PODS_PODFILE_DIR_PATH}/Podfile.lock\" \"${PODS_ROOT}/Manifest.lock\" > /dev/null\nif [ $? != 0 ] ; then\n    # print error to STDERR\n    echo \"error: The sandbox is not in sync with the Podfile.lock. Run 'pod install' or update your CocoaPods installation.\" >&2\n    exit 1\nfi\n# This output is used by Xcode 'outputs' to avoid re-running this script phase.\necho \"SUCCESS\" > \"${SCRIPT_OUTPUT_FILE_0}\"\n";
			showEnvVarsInLog = 0;
		};
		D7D0BA5B5CC8BE01263107D9 /* [CP] Embed Pods Frameworks */ = {
			isa = PBXShellScriptBuildPhase;
			buildActionMask = 2147483647;
			files = (
			);
			inputFileListPaths = (
				"${PODS_ROOT}/Target Support Files/Pods-IOSMessenger-IOSMessengerUITests/Pods-IOSMessenger-IOSMessengerUITests-frameworks-${CONFIGURATION}-input-files.xcfilelist",
			);
			name = "[CP] Embed Pods Frameworks";
			outputFileListPaths = (
				"${PODS_ROOT}/Target Support Files/Pods-IOSMessenger-IOSMessengerUITests/Pods-IOSMessenger-IOSMessengerUITests-frameworks-${CONFIGURATION}-output-files.xcfilelist",
			);
			runOnlyForDeploymentPostprocessing = 0;
			shellPath = /bin/sh;
			shellScript = "\"${PODS_ROOT}/Target Support Files/Pods-IOSMessenger-IOSMessengerUITests/Pods-IOSMessenger-IOSMessengerUITests-frameworks.sh\"\n";
			showEnvVarsInLog = 0;
		};
/* End PBXShellScriptBuildPhase section */

/* Begin PBXSourcesBuildPhase section */
		85D0C2B1251C5DC000D41905 /* Sources */ = {
			isa = PBXSourcesBuildPhase;
			buildActionMask = 2147483647;
			files = (
				85D0C2EF251C5F9E00D41905 /* LoginViewController.swift in Sources */,
				858D39CA251E2F2300DD1362 /* DatabaseManager.swift in Sources */,
				85D0C2F1251C5FAB00D41905 /* RegisterViewController.swift in Sources */,
				85D0C2F7251C5FF400D41905 /* NewConversationViewController.swift in Sources */,
				85D0C2BD251C5DC100D41905 /* ConversationViewController.swift in Sources */,
				85D0C2F5251C5FD500D41905 /* VideoPlayerViewController.swift in Sources */,
				85496511251C662900695385 /* Extensions.swift in Sources */,
				85D0C2B9251C5DC100D41905 /* AppDelegate.swift in Sources */,
				85D0C2F9251C600D00D41905 /* ProfileViewController.swift in Sources */,
				85D0C2BB251C5DC100D41905 /* SceneDelegate.swift in Sources */,
				85D0C2F3251C5FCA00D41905 /* PhotoViewerViewController.swift in Sources */,
			);
			runOnlyForDeploymentPostprocessing = 0;
		};
		85D0C2C7251C5DC500D41905 /* Sources */ = {
			isa = PBXSourcesBuildPhase;
			buildActionMask = 2147483647;
			files = (
				85D0C2D0251C5DC500D41905 /* IOSMessengerTests.swift in Sources */,
			);
			runOnlyForDeploymentPostprocessing = 0;
		};
		85D0C2D2251C5DC500D41905 /* Sources */ = {
			isa = PBXSourcesBuildPhase;
			buildActionMask = 2147483647;
			files = (
				85D0C2DB251C5DC500D41905 /* IOSMessengerUITests.swift in Sources */,
			);
			runOnlyForDeploymentPostprocessing = 0;
		};
/* End PBXSourcesBuildPhase section */

/* Begin PBXTargetDependency section */
		85D0C2CD251C5DC500D41905 /* PBXTargetDependency */ = {
			isa = PBXTargetDependency;
			target = 85D0C2B4251C5DC000D41905 /* IOSMessenger */;
			targetProxy = 85D0C2CC251C5DC500D41905 /* PBXContainerItemProxy */;
		};
		85D0C2D8251C5DC500D41905 /* PBXTargetDependency */ = {
			isa = PBXTargetDependency;
			target = 85D0C2B4251C5DC000D41905 /* IOSMessenger */;
			targetProxy = 85D0C2D7251C5DC500D41905 /* PBXContainerItemProxy */;
		};
/* End PBXTargetDependency section */

/* Begin XCBuildConfiguration section */
		85D0C2DD251C5DC500D41905 /* Debug */ = {
			isa = XCBuildConfiguration;
			buildSettings = {
				ALWAYS_SEARCH_USER_PATHS = NO;
				CLANG_ANALYZER_NONNULL = YES;
				CLANG_ANALYZER_NUMBER_OBJECT_CONVERSION = YES_AGGRESSIVE;
				CLANG_CXX_LANGUAGE_STANDARD = "gnu++14";
				CLANG_CXX_LIBRARY = "libc++";
				CLANG_ENABLE_MODULES = YES;
				CLANG_ENABLE_OBJC_ARC = YES;
				CLANG_ENABLE_OBJC_WEAK = YES;
				CLANG_WARN_BLOCK_CAPTURE_AUTORELEASING = YES;
				CLANG_WARN_BOOL_CONVERSION = YES;
				CLANG_WARN_COMMA = YES;
				CLANG_WARN_CONSTANT_CONVERSION = YES;
				CLANG_WARN_DEPRECATED_OBJC_IMPLEMENTATIONS = YES;
				CLANG_WARN_DIRECT_OBJC_ISA_USAGE = YES_ERROR;
				CLANG_WARN_DOCUMENTATION_COMMENTS = YES;
				CLANG_WARN_EMPTY_BODY = YES;
				CLANG_WARN_ENUM_CONVERSION = YES;
				CLANG_WARN_INFINITE_RECURSION = YES;
				CLANG_WARN_INT_CONVERSION = YES;
				CLANG_WARN_NON_LITERAL_NULL_CONVERSION = YES;
				CLANG_WARN_OBJC_IMPLICIT_RETAIN_SELF = YES;
				CLANG_WARN_OBJC_LITERAL_CONVERSION = YES;
				CLANG_WARN_OBJC_ROOT_CLASS = YES_ERROR;
				CLANG_WARN_RANGE_LOOP_ANALYSIS = YES;
				CLANG_WARN_STRICT_PROTOTYPES = YES;
				CLANG_WARN_SUSPICIOUS_MOVE = YES;
				CLANG_WARN_UNGUARDED_AVAILABILITY = YES_AGGRESSIVE;
				CLANG_WARN_UNREACHABLE_CODE = YES;
				CLANG_WARN__DUPLICATE_METHOD_MATCH = YES;
				COPY_PHASE_STRIP = NO;
				DEBUG_INFORMATION_FORMAT = dwarf;
				ENABLE_STRICT_OBJC_MSGSEND = YES;
				ENABLE_TESTABILITY = YES;
				GCC_C_LANGUAGE_STANDARD = gnu11;
				GCC_DYNAMIC_NO_PIC = NO;
				GCC_NO_COMMON_BLOCKS = YES;
				GCC_OPTIMIZATION_LEVEL = 0;
				GCC_PREPROCESSOR_DEFINITIONS = (
					"DEBUG=1",
					"$(inherited)",
				);
				GCC_WARN_64_TO_32_BIT_CONVERSION = YES;
				GCC_WARN_ABOUT_RETURN_TYPE = YES_ERROR;
				GCC_WARN_UNDECLARED_SELECTOR = YES;
				GCC_WARN_UNINITIALIZED_AUTOS = YES_AGGRESSIVE;
				GCC_WARN_UNUSED_FUNCTION = YES;
				GCC_WARN_UNUSED_VARIABLE = YES;
				IPHONEOS_DEPLOYMENT_TARGET = 13.7;
				MTL_ENABLE_DEBUG_INFO = INCLUDE_SOURCE;
				MTL_FAST_MATH = YES;
				ONLY_ACTIVE_ARCH = YES;
				SDKROOT = iphoneos;
				SWIFT_ACTIVE_COMPILATION_CONDITIONS = DEBUG;
				SWIFT_OPTIMIZATION_LEVEL = "-Onone";
			};
			name = Debug;
		};
		85D0C2DE251C5DC500D41905 /* Release */ = {
			isa = XCBuildConfiguration;
			buildSettings = {
				ALWAYS_SEARCH_USER_PATHS = NO;
				CLANG_ANALYZER_NONNULL = YES;
				CLANG_ANALYZER_NUMBER_OBJECT_CONVERSION = YES_AGGRESSIVE;
				CLANG_CXX_LANGUAGE_STANDARD = "gnu++14";
				CLANG_CXX_LIBRARY = "libc++";
				CLANG_ENABLE_MODULES = YES;
				CLANG_ENABLE_OBJC_ARC = YES;
				CLANG_ENABLE_OBJC_WEAK = YES;
				CLANG_WARN_BLOCK_CAPTURE_AUTORELEASING = YES;
				CLANG_WARN_BOOL_CONVERSION = YES;
				CLANG_WARN_COMMA = YES;
				CLANG_WARN_CONSTANT_CONVERSION = YES;
				CLANG_WARN_DEPRECATED_OBJC_IMPLEMENTATIONS = YES;
				CLANG_WARN_DIRECT_OBJC_ISA_USAGE = YES_ERROR;
				CLANG_WARN_DOCUMENTATION_COMMENTS = YES;
				CLANG_WARN_EMPTY_BODY = YES;
				CLANG_WARN_ENUM_CONVERSION = YES;
				CLANG_WARN_INFINITE_RECURSION = YES;
				CLANG_WARN_INT_CONVERSION = YES;
				CLANG_WARN_NON_LITERAL_NULL_CONVERSION = YES;
				CLANG_WARN_OBJC_IMPLICIT_RETAIN_SELF = YES;
				CLANG_WARN_OBJC_LITERAL_CONVERSION = YES;
				CLANG_WARN_OBJC_ROOT_CLASS = YES_ERROR;
				CLANG_WARN_RANGE_LOOP_ANALYSIS = YES;
				CLANG_WARN_STRICT_PROTOTYPES = YES;
				CLANG_WARN_SUSPICIOUS_MOVE = YES;
				CLANG_WARN_UNGUARDED_AVAILABILITY = YES_AGGRESSIVE;
				CLANG_WARN_UNREACHABLE_CODE = YES;
				CLANG_WARN__DUPLICATE_METHOD_MATCH = YES;
				COPY_PHASE_STRIP = NO;
				DEBUG_INFORMATION_FORMAT = "dwarf-with-dsym";
				ENABLE_NS_ASSERTIONS = NO;
				ENABLE_STRICT_OBJC_MSGSEND = YES;
				GCC_C_LANGUAGE_STANDARD = gnu11;
				GCC_NO_COMMON_BLOCKS = YES;
				GCC_WARN_64_TO_32_BIT_CONVERSION = YES;
				GCC_WARN_ABOUT_RETURN_TYPE = YES_ERROR;
				GCC_WARN_UNDECLARED_SELECTOR = YES;
				GCC_WARN_UNINITIALIZED_AUTOS = YES_AGGRESSIVE;
				GCC_WARN_UNUSED_FUNCTION = YES;
				GCC_WARN_UNUSED_VARIABLE = YES;
				IPHONEOS_DEPLOYMENT_TARGET = 13.7;
				MTL_ENABLE_DEBUG_INFO = NO;
				MTL_FAST_MATH = YES;
				SDKROOT = iphoneos;
				SWIFT_COMPILATION_MODE = wholemodule;
				SWIFT_OPTIMIZATION_LEVEL = "-O";
				VALIDATE_PRODUCT = YES;
			};
			name = Release;
		};
		85D0C2E0251C5DC500D41905 /* Debug */ = {
			isa = XCBuildConfiguration;
			baseConfigurationReference = E1713CB17279EDF3BF420B11 /* Pods-IOSMessenger.debug.xcconfig */;
			buildSettings = {
				ASSETCATALOG_COMPILER_APPICON_NAME = AppIcon;
				CODE_SIGN_STYLE = Automatic;
				DEVELOPMENT_TEAM = 6A3SNQWQ95;
				INFOPLIST_FILE = IOSMessenger/Info.plist;
				LD_RUNPATH_SEARCH_PATHS = (
					"$(inherited)",
					"@executable_path/Frameworks",
				);
				PRODUCT_BUNDLE_IDENTIFIER = me.farazaulia.IOSMessenger;
				PRODUCT_NAME = "$(TARGET_NAME)";
				SWIFT_VERSION = 5.0;
				TARGETED_DEVICE_FAMILY = "1,2";
			};
			name = Debug;
		};
		85D0C2E1251C5DC500D41905 /* Release */ = {
			isa = XCBuildConfiguration;
			baseConfigurationReference = 19822CB5630443F86AD4BBE0 /* Pods-IOSMessenger.release.xcconfig */;
			buildSettings = {
				ASSETCATALOG_COMPILER_APPICON_NAME = AppIcon;
				CODE_SIGN_STYLE = Automatic;
				DEVELOPMENT_TEAM = 6A3SNQWQ95;
				INFOPLIST_FILE = IOSMessenger/Info.plist;
				LD_RUNPATH_SEARCH_PATHS = (
					"$(inherited)",
					"@executable_path/Frameworks",
				);
				PRODUCT_BUNDLE_IDENTIFIER = me.farazaulia.IOSMessenger;
				PRODUCT_NAME = "$(TARGET_NAME)";
				SWIFT_VERSION = 5.0;
				TARGETED_DEVICE_FAMILY = "1,2";
			};
			name = Release;
		};
		85D0C2E3251C5DC500D41905 /* Debug */ = {
			isa = XCBuildConfiguration;
			baseConfigurationReference = 5D6100EEE90D1CFB13AA64A4 /* Pods-IOSMessengerTests.debug.xcconfig */;
			buildSettings = {
				ALWAYS_EMBED_SWIFT_STANDARD_LIBRARIES = YES;
				BUNDLE_LOADER = "$(TEST_HOST)";
				CODE_SIGN_STYLE = Automatic;
				DEVELOPMENT_TEAM = 6A3SNQWQ95;
				INFOPLIST_FILE = IOSMessengerTests/Info.plist;
				IPHONEOS_DEPLOYMENT_TARGET = 13.7;
				LD_RUNPATH_SEARCH_PATHS = (
					"$(inherited)",
					"@executable_path/Frameworks",
					"@loader_path/Frameworks",
				);
				PRODUCT_BUNDLE_IDENTIFIER = me.farazaulia.IOSMessengerTests;
				PRODUCT_NAME = "$(TARGET_NAME)";
				SWIFT_VERSION = 5.0;
				TARGETED_DEVICE_FAMILY = "1,2";
				TEST_HOST = "$(BUILT_PRODUCTS_DIR)/IOSMessenger.app/IOSMessenger";
			};
			name = Debug;
		};
		85D0C2E4251C5DC500D41905 /* Release */ = {
			isa = XCBuildConfiguration;
			baseConfigurationReference = DF7FF38CAF1DBB1C59283D40 /* Pods-IOSMessengerTests.release.xcconfig */;
			buildSettings = {
				ALWAYS_EMBED_SWIFT_STANDARD_LIBRARIES = YES;
				BUNDLE_LOADER = "$(TEST_HOST)";
				CODE_SIGN_STYLE = Automatic;
				DEVELOPMENT_TEAM = 6A3SNQWQ95;
				INFOPLIST_FILE = IOSMessengerTests/Info.plist;
				IPHONEOS_DEPLOYMENT_TARGET = 13.7;
				LD_RUNPATH_SEARCH_PATHS = (
					"$(inherited)",
					"@executable_path/Frameworks",
					"@loader_path/Frameworks",
				);
				PRODUCT_BUNDLE_IDENTIFIER = me.farazaulia.IOSMessengerTests;
				PRODUCT_NAME = "$(TARGET_NAME)";
				SWIFT_VERSION = 5.0;
				TARGETED_DEVICE_FAMILY = "1,2";
				TEST_HOST = "$(BUILT_PRODUCTS_DIR)/IOSMessenger.app/IOSMessenger";
			};
			name = Release;
		};
		85D0C2E6251C5DC500D41905 /* Debug */ = {
			isa = XCBuildConfiguration;
			baseConfigurationReference = 5CFD87BF861F7FBA9C5AED53 /* Pods-IOSMessenger-IOSMessengerUITests.debug.xcconfig */;
			buildSettings = {
				ALWAYS_EMBED_SWIFT_STANDARD_LIBRARIES = YES;
				CODE_SIGN_STYLE = Automatic;
				DEVELOPMENT_TEAM = 6A3SNQWQ95;
				INFOPLIST_FILE = IOSMessengerUITests/Info.plist;
				LD_RUNPATH_SEARCH_PATHS = (
					"$(inherited)",
					"@executable_path/Frameworks",
					"@loader_path/Frameworks",
				);
				PRODUCT_BUNDLE_IDENTIFIER = me.farazaulia.IOSMessengerUITests;
				PRODUCT_NAME = "$(TARGET_NAME)";
				SWIFT_VERSION = 5.0;
				TARGETED_DEVICE_FAMILY = "1,2";
				TEST_TARGET_NAME = IOSMessenger;
			};
			name = Debug;
		};
		85D0C2E7251C5DC500D41905 /* Release */ = {
			isa = XCBuildConfiguration;
			baseConfigurationReference = C277F78E9959FCC7F1E50A28 /* Pods-IOSMessenger-IOSMessengerUITests.release.xcconfig */;
			buildSettings = {
				ALWAYS_EMBED_SWIFT_STANDARD_LIBRARIES = YES;
				CODE_SIGN_STYLE = Automatic;
				DEVELOPMENT_TEAM = 6A3SNQWQ95;
				INFOPLIST_FILE = IOSMessengerUITests/Info.plist;
				LD_RUNPATH_SEARCH_PATHS = (
					"$(inherited)",
					"@executable_path/Frameworks",
					"@loader_path/Frameworks",
				);
				PRODUCT_BUNDLE_IDENTIFIER = me.farazaulia.IOSMessengerUITests;
				PRODUCT_NAME = "$(TARGET_NAME)";
				SWIFT_VERSION = 5.0;
				TARGETED_DEVICE_FAMILY = "1,2";
				TEST_TARGET_NAME = IOSMessenger;
			};
			name = Release;
		};
/* End XCBuildConfiguration section */

/* Begin XCConfigurationList section */
		85D0C2B0251C5DC000D41905 /* Build configuration list for PBXProject "IOSMessenger" */ = {
			isa = XCConfigurationList;
			buildConfigurations = (
				85D0C2DD251C5DC500D41905 /* Debug */,
				85D0C2DE251C5DC500D41905 /* Release */,
			);
			defaultConfigurationIsVisible = 0;
			defaultConfigurationName = Release;
		};
		85D0C2DF251C5DC500D41905 /* Build configuration list for PBXNativeTarget "IOSMessenger" */ = {
			isa = XCConfigurationList;
			buildConfigurations = (
				85D0C2E0251C5DC500D41905 /* Debug */,
				85D0C2E1251C5DC500D41905 /* Release */,
			);
			defaultConfigurationIsVisible = 0;
			defaultConfigurationName = Release;
		};
		85D0C2E2251C5DC500D41905 /* Build configuration list for PBXNativeTarget "IOSMessengerTests" */ = {
			isa = XCConfigurationList;
			buildConfigurations = (
				85D0C2E3251C5DC500D41905 /* Debug */,
				85D0C2E4251C5DC500D41905 /* Release */,
			);
			defaultConfigurationIsVisible = 0;
			defaultConfigurationName = Release;
		};
		85D0C2E5251C5DC500D41905 /* Build configuration list for PBXNativeTarget "IOSMessengerUITests" */ = {
			isa = XCConfigurationList;
			buildConfigurations = (
				85D0C2E6251C5DC500D41905 /* Debug */,
				85D0C2E7251C5DC500D41905 /* Release */,
			);
			defaultConfigurationIsVisible = 0;
			defaultConfigurationName = Release;
		};
/* End XCConfigurationList section */
	};
	rootObject = 85D0C2AD251C5DC000D41905 /* Project object */;
}
